// !$*UTF8*$!
{
	archiveVersion = 1;
	classes = {
	};
	objectVersion = 46;
	objects = {

/* Begin PBXBuildFile section */
		FBD73F921E3824760071AA86 /* AppDelegate.swift in Sources */ = {isa = PBXBuildFile; fileRef = FBD73F911E3824760071AA86 /* AppDelegate.swift */; };
		FBD73F941E3824760071AA86 /* ViewController.swift in Sources */ = {isa = PBXBuildFile; fileRef = FBD73F931E3824760071AA86 /* ViewController.swift */; };
		FBD73F971E3824760071AA86 /* Main.storyboard in Resources */ = {isa = PBXBuildFile; fileRef = FBD73F951E3824760071AA86 /* Main.storyboard */; };
		FBD73F991E3824760071AA86 /* Assets.xcassets in Resources */ = {isa = PBXBuildFile; fileRef = FBD73F981E3824760071AA86 /* Assets.xcassets */; };
		FBD73F9C1E3824760071AA86 /* LaunchScreen.storyboard in Resources */ = {isa = PBXBuildFile; fileRef = FBD73F9A1E3824760071AA86 /* LaunchScreen.storyboard */; };
		FBD73FA71E3824770071AA86 /* iOSLifeTests.swift in Sources */ = {isa = PBXBuildFile; fileRef = FBD73FA61E3824770071AA86 /* iOSLifeTests.swift */; };
		FBD73FB21E3824770071AA86 /* iOSLifeUITests.swift in Sources */ = {isa = PBXBuildFile; fileRef = FBD73FB11E3824770071AA86 /* iOSLifeUITests.swift */; };
		FBD73FC01E3826B00071AA86 /* SecondScreen.swift in Sources */ = {isa = PBXBuildFile; fileRef = FBD73FBF1E3826B00071AA86 /* SecondScreen.swift */; };
/* End PBXBuildFile section */

/* Begin PBXContainerItemProxy section */
		FBD73FA31E3824770071AA86 /* PBXContainerItemProxy */ = {
			isa = PBXContainerItemProxy;
			containerPortal = FBD73F861E3824760071AA86 /* Project object */;
			proxyType = 1;
			remoteGlobalIDString = FBD73F8D1E3824760071AA86;
			remoteInfo = iOSLife;
		};
		FBD73FAE1E3824770071AA86 /* PBXContainerItemProxy */ = {
			isa = PBXContainerItemProxy;
			containerPortal = FBD73F861E3824760071AA86 /* Project object */;
			proxyType = 1;
			remoteGlobalIDString = FBD73F8D1E3824760071AA86;
			remoteInfo = iOSLife;
		};
/* End PBXContainerItemProxy section */

/* Begin PBXFileReference section */
		FBD73F8E1E3824760071AA86 /* iOSLife.app */ = {isa = PBXFileReference; explicitFileType = wrapper.application; includeInIndex = 0; path = iOSLife.app; sourceTree = BUILT_PRODUCTS_DIR; };
		FBD73F911E3824760071AA86 /* AppDelegate.swift */ = {isa = PBXFileReference; lastKnownFileType = sourcecode.swift; path = AppDelegate.swift; sourceTree = "<group>"; };
		FBD73F931E3824760071AA86 /* ViewController.swift */ = {isa = PBXFileReference; lastKnownFileType = sourcecode.swift; path = ViewController.swift; sourceTree = "<group>"; };
		FBD73F961E3824760071AA86 /* Base */ = {isa = PBXFileReference; lastKnownFileType = file.storyboard; name = Base; path = Base.lproj/Main.storyboard; sourceTree = "<group>"; };
		FBD73F981E3824760071AA86 /* Assets.xcassets */ = {isa = PBXFileReference; lastKnownFileType = folder.assetcatalog; path = Assets.xcassets; sourceTree = "<group>"; };
		FBD73F9B1E3824760071AA86 /* Base */ = {isa = PBXFileReference; lastKnownFileType = file.storyboard; name = Base; path = Base.lproj/LaunchScreen.storyboard; sourceTree = "<group>"; };
		FBD73F9D1E3824760071AA86 /* Info.plist */ = {isa = PBXFileReference; lastKnownFileType = text.plist.xml; path = Info.plist; sourceTree = "<group>"; };
		FBD73FA21E3824770071AA86 /* iOSLifeTests.xctest */ = {isa = PBXFileReference; explicitFileType = wrapper.cfbundle; includeInIndex = 0; path = iOSLifeTests.xctest; sourceTree = BUILT_PRODUCTS_DIR; };
		FBD73FA61E3824770071AA86 /* iOSLifeTests.swift */ = {isa = PBXFileReference; lastKnownFileType = sourcecode.swift; path = iOSLifeTests.swift; sourceTree = "<group>"; };
		FBD73FA81E3824770071AA86 /* Info.plist */ = {isa = PBXFileReference; lastKnownFileType = text.plist.xml; path = Info.plist; sourceTree = "<group>"; };
		FBD73FAD1E3824770071AA86 /* iOSLifeUITests.xctest */ = {isa = PBXFileReference; explicitFileType = wrapper.cfbundle; includeInIndex = 0; path = iOSLifeUITests.xctest; sourceTree = BUILT_PRODUCTS_DIR; };
		FBD73FB11E3824770071AA86 /* iOSLifeUITests.swift */ = {isa = PBXFileReference; lastKnownFileType = sourcecode.swift; path = iOSLifeUITests.swift; sourceTree = "<group>"; };
		FBD73FB31E3824770071AA86 /* Info.plist */ = {isa = PBXFileReference; lastKnownFileType = text.plist.xml; path = Info.plist; sourceTree = "<group>"; };
		FBD73FBF1E3826B00071AA86 /* SecondScreen.swift */ = {isa = PBXFileReference; fileEncoding = 4; lastKnownFileType = sourcecode.swift; path = SecondScreen.swift; sourceTree = "<group>"; };
/* End PBXFileReference section */

/* Begin PBXFrameworksBuildPhase section */
		FBD73F8B1E3824760071AA86 /* Frameworks */ = {
			isa = PBXFrameworksBuildPhase;
			buildActionMask = 2147483647;
			files = (
			);
			runOnlyForDeploymentPostprocessing = 0;
		};
		FBD73F9F1E3824770071AA86 /* Frameworks */ = {
			isa = PBXFrameworksBuildPhase;
			buildActionMask = 2147483647;
			files = (
			);
			runOnlyForDeploymentPostprocessing = 0;
		};
		FBD73FAA1E3824770071AA86 /* Frameworks */ = {
			isa = PBXFrameworksBuildPhase;
			buildActionMask = 2147483647;
			files = (
			);
			runOnlyForDeploymentPostprocessing = 0;
		};
/* End PBXFrameworksBuildPhase section */

/* Begin PBXGroup section */
		FBD73F851E3824760071AA86 = {
			isa = PBXGroup;
			children = (
				FBD73F901E3824760071AA86 /* iOSLife */,
				FBD73FA51E3824770071AA86 /* iOSLifeTests */,
				FBD73FB01E3824770071AA86 /* iOSLifeUITests */,
				FBD73F8F1E3824760071AA86 /* Products */,
			);
			sourceTree = "<group>";
		};
		FBD73F8F1E3824760071AA86 /* Products */ = {
			isa = PBXGroup;
			children = (
				FBD73F8E1E3824760071AA86 /* iOSLife.app */,
				FBD73FA21E3824770071AA86 /* iOSLifeTests.xctest */,
				FBD73FAD1E3824770071AA86 /* iOSLifeUITests.xctest */,
			);
			name = Products;
			sourceTree = "<group>";
		};
		FBD73F901E3824760071AA86 /* iOSLife */ = {
			isa = PBXGroup;
			children = (
				FBD73F911E3824760071AA86 /* AppDelegate.swift */,
				FBD73F931E3824760071AA86 /* ViewController.swift */,
				FBD73FBF1E3826B00071AA86 /* SecondScreen.swift */,
				FBD73F951E3824760071AA86 /* Main.storyboard */,
				FBD73F981E3824760071AA86 /* Assets.xcassets */,
				FBD73F9A1E3824760071AA86 /* LaunchScreen.storyboard */,
				FBD73F9D1E3824760071AA86 /* Info.plist */,
			);
			path = iOSLife;
			sourceTree = "<group>";
		};
		FBD73FA51E3824770071AA86 /* iOSLifeTests */ = {
			isa = PBXGroup;
			children = (
				FBD73FA61E3824770071AA86 /* iOSLifeTests.swift */,
				FBD73FA81E3824770071AA86 /* Info.plist */,
			);
			path = iOSLifeTests;
			sourceTree = "<group>";
		};
		FBD73FB01E3824770071AA86 /* iOSLifeUITests */ = {
			isa = PBXGroup;
			children = (
				FBD73FB11E3824770071AA86 /* iOSLifeUITests.swift */,
				FBD73FB31E3824770071AA86 /* Info.plist */,
			);
			path = iOSLifeUITests;
			sourceTree = "<group>";
		};
/* End PBXGroup section */

/* Begin PBXNativeTarget section */
		FBD73F8D1E3824760071AA86 /* iOSLife */ = {
			isa = PBXNativeTarget;
			buildConfigurationList = FBD73FB61E3824770071AA86 /* Build configuration list for PBXNativeTarget "iOSLife" */;
			buildPhases = (
				FBD73F8A1E3824760071AA86 /* Sources */,
				FBD73F8B1E3824760071AA86 /* Frameworks */,
				FBD73F8C1E3824760071AA86 /* Resources */,
			);
			buildRules = (
			);
			dependencies = (
			);
			name = iOSLife;
			productName = iOSLife;
			productReference = FBD73F8E1E3824760071AA86 /* iOSLife.app */;
			productType = "com.apple.product-type.application";
		};
		FBD73FA11E3824770071AA86 /* iOSLifeTests */ = {
			isa = PBXNativeTarget;
			buildConfigurationList = FBD73FB91E3824770071AA86 /* Build configuration list for PBXNativeTarget "iOSLifeTests" */;
			buildPhases = (
				FBD73F9E1E3824770071AA86 /* Sources */,
				FBD73F9F1E3824770071AA86 /* Frameworks */,
				FBD73FA01E3824770071AA86 /* Resources */,
			);
			buildRules = (
			);
			dependencies = (
				FBD73FA41E3824770071AA86 /* PBXTargetDependency */,
			);
			name = iOSLifeTests;
			productName = iOSLifeTests;
			productReference = FBD73FA21E3824770071AA86 /* iOSLifeTests.xctest */;
			productType = "com.apple.product-type.bundle.unit-test";
		};
		FBD73FAC1E3824770071AA86 /* iOSLifeUITests */ = {
			isa = PBXNativeTarget;
			buildConfigurationList = FBD73FBC1E3824770071AA86 /* Build configuration list for PBXNativeTarget "iOSLifeUITests" */;
			buildPhases = (
				FBD73FA91E3824770071AA86 /* Sources */,
				FBD73FAA1E3824770071AA86 /* Frameworks */,
				FBD73FAB1E3824770071AA86 /* Resources */,
			);
			buildRules = (
			);
			dependencies = (
				FBD73FAF1E3824770071AA86 /* PBXTargetDependency */,
			);
			name = iOSLifeUITests;
			productName = iOSLifeUITests;
			productReference = FBD73FAD1E3824770071AA86 /* iOSLifeUITests.xctest */;
			productType = "com.apple.product-type.bundle.ui-testing";
		};
/* End PBXNativeTarget section */

/* Begin PBXProject section */
		FBD73F861E3824760071AA86 /* Project object */ = {
			isa = PBXProject;
			attributes = {
				LastSwiftUpdateCheck = 0820;
				LastUpgradeCheck = 0820;
				ORGANIZATIONNAME = mrathwa;
				TargetAttributes = {
					FBD73F8D1E3824760071AA86 = {
						CreatedOnToolsVersion = 8.2.1;
						ProvisioningStyle = Automatic;
					};
					FBD73FA11E3824770071AA86 = {
						CreatedOnToolsVersion = 8.2.1;
						ProvisioningStyle = Automatic;
						TestTargetID = FBD73F8D1E3824760071AA86;
					};
					FBD73FAC1E3824770071AA86 = {
						CreatedOnToolsVersion = 8.2.1;
						ProvisioningStyle = Automatic;
						TestTargetID = FBD73F8D1E3824760071AA86;
					};
				};
			};
			buildConfigurationList = FBD73F891E3824760071AA86 /* Build configuration list for PBXProject "iOSLife" */;
			compatibilityVersion = "Xcode 3.2";
			developmentRegion = English;
			hasScannedForEncodings = 0;
			knownRegions = (
				en,
				Base,
			);
			mainGroup = FBD73F851E3824760071AA86;
			productRefGroup = FBD73F8F1E3824760071AA86 /* Products */;
			projectDirPath = "";
			projectRoot = "";
			targets = (
				FBD73F8D1E3824760071AA86 /* iOSLife */,
				FBD73FA11E3824770071AA86 /* iOSLifeTests */,
				FBD73FAC1E3824770071AA86 /* iOSLifeUITests */,
			);
		};
/* End PBXProject section */

/* Begin PBXResourcesBuildPhase section */
		FBD73F8C1E3824760071AA86 /* Resources */ = {
			isa = PBXResourcesBuildPhase;
			buildActionMask = 2147483647;
			files = (
				FBD73F9C1E3824760071AA86 /* LaunchScreen.storyboard in Resources */,
				FBD73F991E3824760071AA86 /* Assets.xcassets in Resources */,
				FBD73F971E3824760071AA86 /* Main.storyboard in Resources */,
			);
			runOnlyForDeploymentPostprocessing = 0;
		};
		FBD73FA01E3824770071AA86 /* Resources */ = {
			isa = PBXResourcesBuildPhase;
			buildActionMask = 2147483647;
			files = (
			);
			runOnlyForDeploymentPostprocessing = 0;
		};
		FBD73FAB1E3824770071AA86 /* Resources */ = {
			isa = PBXResourcesBuildPhase;
			buildActionMask = 2147483647;
			files = (
			);
			runOnlyForDeploymentPostprocessing = 0;
		};
/* End PBXResourcesBuildPhase section */

/* Begin PBXSourcesBuildPhase section */
		FBD73F8A1E3824760071AA86 /* Sources */ = {
			isa = PBXSourcesBuildPhase;
			buildActionMask = 2147483647;
			files = (
				FBD73F941E3824760071AA86 /* ViewController.swift in Sources */,
				FBD73F921E3824760071AA86 /* AppDelegate.swift in Sources */,
				FBD73FC01E3826B00071AA86 /* SecondScreen.swift in Sources */,
			);
			runOnlyForDeploymentPostprocessing = 0;
		};
		FBD73F9E1E3824770071AA86 /* Sources */ = {
			isa = PBXSourcesBuildPhase;
			buildActionMask = 2147483647;
			files = (
				FBD73FA71E3824770071AA86 /* iOSLifeTests.swift in Sources */,
			);
			runOnlyForDeploymentPostprocessing = 0;
		};
		FBD73FA91E3824770071AA86 /* Sources */ = {
			isa = PBXSourcesBuildPhase;
			buildActionMask = 2147483647;
			files = (
				FBD73FB21E3824770071AA86 /* iOSLifeUITests.swift in Sources */,
			);
			runOnlyForDeploymentPostprocessing = 0;
		};
/* End PBXSourcesBuildPhase section */

/* Begin PBXTargetDependency section */
		FBD73FA41E3824770071AA86 /* PBXTargetDependency */ = {
			isa = PBXTargetDependency;
			target = FBD73F8D1E3824760071AA86 /* iOSLife */;
			targetProxy = FBD73FA31E3824770071AA86 /* PBXContainerItemProxy */;
		};
		FBD73FAF1E3824770071AA86 /* PBXTargetDependency */ = {
			isa = PBXTargetDependency;
			target = FBD73F8D1E3824760071AA86 /* iOSLife */;
			targetProxy = FBD73FAE1E3824770071AA86 /* PBXContainerItemProxy */;
		};
/* End PBXTargetDependency section */

/* Begin PBXVariantGroup section */
		FBD73F951E3824760071AA86 /* Main.storyboard */ = {
			isa = PBXVariantGroup;
			children = (
				FBD73F961E3824760071AA86 /* Base */,
			);
			name = Main.storyboard;
			sourceTree = "<group>";
		};
		FBD73F9A1E3824760071AA86 /* LaunchScreen.storyboard */ = {
			isa = PBXVariantGroup;
			children = (
				FBD73F9B1E3824760071AA86 /* Base */,
			);
			name = LaunchScreen.storyboard;
			sourceTree = "<group>";
		};
/* End PBXVariantGroup section */

/* Begin XCBuildConfiguration section */
		FBD73FB41E3824770071AA86 /* Debug */ = {
			isa = XCBuildConfiguration;
			buildSettings = {
				ALWAYS_SEARCH_USER_PATHS = NO;
				CLANG_ANALYZER_NONNULL = YES;
				CLANG_CXX_LANGUAGE_STANDARD = "gnu++0x";
				CLANG_CXX_LIBRARY = "libc++";
				CLANG_ENABLE_MODULES = YES;
				CLANG_ENABLE_OBJC_ARC = YES;
				CLANG_WARN_BOOL_CONVERSION = YES;
				CLANG_WARN_CONSTANT_CONVERSION = YES;
				CLANG_WARN_DIRECT_OBJC_ISA_USAGE = YES_ERROR;
				CLANG_WARN_DOCUMENTATION_COMMENTS = YES;
				CLANG_WARN_EMPTY_BODY = YES;
				CLANG_WARN_ENUM_CONVERSION = YES;
				CLANG_WARN_INFINITE_RECURSION = YES;
				CLANG_WARN_INT_CONVERSION = YES;
				CLANG_WARN_OBJC_ROOT_CLASS = YES_ERROR;
				CLANG_WARN_SUSPICIOUS_MOVE = YES;
				CLANG_WARN_UNREACHABLE_CODE = YES;
				CLANG_WARN__DUPLICATE_METHOD_MATCH = YES;
				"CODE_SIGN_IDENTITY[sdk=iphoneos*]" = "iPhone Developer";
				COPY_PHASE_STRIP = NO;
				DEBUG_INFORMATION_FORMAT = dwarf;
				ENABLE_STRICT_OBJC_MSGSEND = YES;
				ENABLE_TESTABILITY = YES;
				GCC_C_LANGUAGE_STANDARD = gnu99;
				GCC_DYNAMIC_NO_PIC = NO;
				GCC_NO_COMMON_BLOCKS = YES;
				GCC_OPTIMIZATION_LEVEL = 0;
				GCC_PREPROCESSOR_DEFINITIONS = (
					"DEBUG=1",
					"$(inherited)",
				);
				GCC_WARN_64_TO_32_BIT_CONVERSION = YES;
				GCC_WARN_ABOUT_RETURN_TYPE = YES_ERROR;
				GCC_WARN_UNDECLARED_SELECTOR = YES;
				GCC_WARN_UNINITIALIZED_AUTOS = YES_AGGRESSIVE;
				GCC_WARN_UNUSED_FUNCTION = YES;
				GCC_WARN_UNUSED_VARIABLE = YES;
				IPHONEOS_DEPLOYMENT_TARGET = 10.2;
				MTL_ENABLE_DEBUG_INFO = YES;
				ONLY_ACTIVE_ARCH = YES;
				SDKROOT = iphoneos;
				SWIFT_ACTIVE_COMPILATION_CONDITIONS = DEBUG;
				SWIFT_OPTIMIZATION_LEVEL = "-Onone";
				TARGETED_DEVICE_FAMILY = "1,2";
			};
			name = Debug;
		};
		FBD73FB51E3824770071AA86 /* Release */ = {
			isa = XCBuildConfiguration;
			buildSettings = {
				ALWAYS_SEARCH_USER_PATHS = NO;
				CLANG_ANALYZER_NONNULL = YES;
				CLANG_CXX_LANGUAGE_STANDARD = "gnu++0x";
				CLANG_CXX_LIBRARY = "libc++";
				CLANG_ENABLE_MODULES = YES;
				CLANG_ENABLE_OBJC_ARC = YES;
				CLANG_WARN_BOOL_CONVERSION = YES;
				CLANG_WARN_CONSTANT_CONVERSION = YES;
				CLANG_WARN_DIRECT_OBJC_ISA_USAGE = YES_ERROR;
				CLANG_WARN_DOCUMENTATION_COMMENTS = YES;
				CLANG_WARN_EMPTY_BODY = YES;
				CLANG_WARN_ENUM_CONVERSION = YES;
				CLANG_WARN_INFINITE_RECURSION = YES;
				CLANG_WARN_INT_CONVERSION = YES;
				CLANG_WARN_OBJC_ROOT_CLASS = YES_ERROR;
				CLANG_WARN_SUSPICIOUS_MOVE = YES;
				CLANG_WARN_UNREACHABLE_CODE = YES;
				CLANG_WARN__DUPLICATE_METHOD_MATCH = YES;
				"CODE_SIGN_IDENTITY[sdk=iphoneos*]" = "iPhone Developer";
				COPY_PHASE_STRIP = NO;
				DEBUG_INFORMATION_FORMAT = "dwarf-with-dsym";
				ENABLE_NS_ASSERTIONS = NO;
				ENABLE_STRICT_OBJC_MSGSEND = YES;
				GCC_C_LANGUAGE_STANDARD = gnu99;
				GCC_NO_COMMON_BLOCKS = YES;
				GCC_WARN_64_TO_32_BIT_CONVERSION = YES;
				GCC_WARN_ABOUT_RETURN_TYPE = YES_ERROR;
				GCC_WARN_UNDECLARED_SELECTOR = YES;
				GCC_WARN_UNINITIALIZED_AUTOS = YES_AGGRESSIVE;
				GCC_WARN_UNUSED_FUNCTION = YES;
				GCC_WARN_UNUSED_VARIABLE = YES;
				IPHONEOS_DEPLOYMENT_TARGET = 10.2;
				MTL_ENABLE_DEBUG_INFO = NO;
				SDKROOT = iphoneos;
				SWIFT_OPTIMIZATION_LEVEL = "-Owholemodule";
				TARGETED_DEVICE_FAMILY = "1,2";
				VALIDATE_PRODUCT = YES;
			};
			name = Release;
		};
		FBD73FB71E3824770071AA86 /* Debug */ = {
			isa = XCBuildConfiguration;
			buildSettings = {
				ASSETCATALOG_COMPILER_APPICON_NAME = AppIcon;
				INFOPLIST_FILE = iOSLife/Info.plist;
				LD_RUNPATH_SEARCH_PATHS = "$(inherited) @executable_path/Frameworks";
				PRODUCT_BUNDLE_IDENTIFIER = edu.asu.msse.mrathwa.iOSLife;
				PRODUCT_NAME = "$(TARGET_NAME)";
				SWIFT_VERSION = 3.0;
			};
			name = Debug;
		};
		FBD73FB81E3824770071AA86 /* Release */ = {
			isa = XCBuildConfiguration;
			buildSettings = {
				ASSETCATALOG_COMPILER_APPICON_NAME = AppIcon;
				INFOPLIST_FILE = iOSLife/Info.plist;
				LD_RUNPATH_SEARCH_PATHS = "$(inherited) @executable_path/Frameworks";
				PRODUCT_BUNDLE_IDENTIFIER = edu.asu.msse.mrathwa.iOSLife;
				PRODUCT_NAME = "$(TARGET_NAME)";
				SWIFT_VERSION = 3.0;
			};
			name = Release;
		};
		FBD73FBA1E3824770071AA86 /* Debug */ = {
			isa = XCBuildConfiguration;
			buildSettings = {
				ALWAYS_EMBED_SWIFT_STANDARD_LIBRARIES = YES;
				BUNDLE_LOADER = "$(TEST_HOST)";
				INFOPLIST_FILE = iOSLifeTests/Info.plist;
				LD_RUNPATH_SEARCH_PATHS = "$(inherited) @executable_path/Frameworks @loader_path/Frameworks";
				PRODUCT_BUNDLE_IDENTIFIER = edu.asu.msse.mrathwa.iOSLifeTests;
				PRODUCT_NAME = "$(TARGET_NAME)";
				SWIFT_VERSION = 3.0;
				TEST_HOST = "$(BUILT_PRODUCTS_DIR)/iOSLife.app/iOSLife";
			};
			name = Debug;
		};
		FBD73FBB1E3824770071AA86 /* Release */ = {
			isa = XCBuildConfiguration;
			buildSettings = {
				ALWAYS_EMBED_SWIFT_STANDARD_LIBRARIES = YES;
				BUNDLE_LOADER = "$(TEST_HOST)";
				INFOPLIST_FILE = iOSLifeTests/Info.plist;
				LD_RUNPATH_SEARCH_PATHS = "$(inherited) @executable_path/Frameworks @loader_path/Frameworks";
				PRODUCT_BUNDLE_IDENTIFIER = edu.asu.msse.mrathwa.iOSLifeTests;
				PRODUCT_NAME = "$(TARGET_NAME)";
				SWIFT_VERSION = 3.0;
				TEST_HOST = "$(BUILT_PRODUCTS_DIR)/iOSLife.app/iOSLife";
			};
			name = Release;
		};
		FBD73FBD1E3824770071AA86 /* Debug */ = {
			isa = XCBuildConfiguration;
			buildSettings = {
				ALWAYS_EMBED_SWIFT_STANDARD_LIBRARIES = YES;
				INFOPLIST_FILE = iOSLifeUITests/Info.plist;
				LD_RUNPATH_SEARCH_PATHS = "$(inherited) @executable_path/Frameworks @loader_path/Frameworks";
				PRODUCT_BUNDLE_IDENTIFIER = edu.asu.msse.mrathwa.iOSLifeUITests;
				PRODUCT_NAME = "$(TARGET_NAME)";
				SWIFT_VERSION = 3.0;
				TEST_TARGET_NAME = iOSLife;
			};
			name = Debug;
		};
		FBD73FBE1E3824770071AA86 /* Release */ = {
			isa = XCBuildConfiguration;
			buildSettings = {
				ALWAYS_EMBED_SWIFT_STANDARD_LIBRARIES = YES;
				INFOPLIST_FILE = iOSLifeUITests/Info.plist;
				LD_RUNPATH_SEARCH_PATHS = "$(inherited) @executable_path/Frameworks @loader_path/Frameworks";
				PRODUCT_BUNDLE_IDENTIFIER = edu.asu.msse.mrathwa.iOSLifeUITests;
				PRODUCT_NAME = "$(TARGET_NAME)";
				SWIFT_VERSION = 3.0;
				TEST_TARGET_NAME = iOSLife;
			};
			name = Release;
		};
/* End XCBuildConfiguration section */

/* Begin XCConfigurationList section */
		FBD73F891E3824760071AA86 /* Build configuration list for PBXProject "iOSLife" */ = {
			isa = XCConfigurationList;
			buildConfigurations = (
				FBD73FB41E3824770071AA86 /* Debug */,
				FBD73FB51E3824770071AA86 /* Release */,
			);
			defaultConfigurationIsVisible = 0;
			defaultConfigurationName = Release;
		};
		FBD73FB61E3824770071AA86 /* Build configuration list for PBXNativeTarget "iOSLife" */ = {
			isa = XCConfigurationList;
			buildConfigurations = (
				FBD73FB71E3824770071AA86 /* Debug */,
				FBD73FB81E3824770071AA86 /* Release */,
			);
			defaultConfigurationIsVisible = 0;
		};
		FBD73FB91E3824770071AA86 /* Build configuration list for PBXNativeTarget "iOSLifeTests" */ = {
			isa = XCConfigurationList;
			buildConfigurations = (
				FBD73FBA1E3824770071AA86 /* Debug */,
				FBD73FBB1E3824770071AA86 /* Release */,
			);
			defaultConfigurationIsVisible = 0;
		};
		FBD73FBC1E3824770071AA86 /* Build configuration list for PBXNativeTarget "iOSLifeUITests" */ = {
			isa = XCConfigurationList;
			buildConfigurations = (
				FBD73FBD1E3824770071AA86 /* Debug */,
				FBD73FBE1E3824770071AA86 /* Release */,
			);
			defaultConfigurationIsVisible = 0;
		};
/* End XCConfigurationList section */
	};
	rootObject = FBD73F861E3824760071AA86 /* Project object */;
}
